// !$*UTF8*$!
{
	archiveVersion = 1;
	classes = {
	};
	objectVersion = 56;
	objects = {

/* Begin PBXBuildFile section */
		13101EBA2A8226ED0028FCDA /* CharacterProviderProtocol.swift in Sources */ = {isa = PBXBuildFile; fileRef = 13101EB92A8226ED0028FCDA /* CharacterProviderProtocol.swift */; };
		13101EBD2A82301A0028FCDA /* ResetPassView.swift in Sources */ = {isa = PBXBuildFile; fileRef = 13101EBC2A82301A0028FCDA /* ResetPassView.swift */; };
		13101EBF2A823C010028FCDA /* URLSessionExtension.swift in Sources */ = {isa = PBXBuildFile; fileRef = 13101EBE2A823C010028FCDA /* URLSessionExtension.swift */; };
		13101EC32A823CE20028FCDA /* NetworkFetchingMock.swift in Sources */ = {isa = PBXBuildFile; fileRef = 13101EC22A823CE20028FCDA /* NetworkFetchingMock.swift */; };
		13101EC52A823D0F0028FCDA /* URLProtocolMock.swift in Sources */ = {isa = PBXBuildFile; fileRef = 13101EC42A823D0F0028FCDA /* URLProtocolMock.swift */; };
		13101EC72A823D520028FCDA /* NetworkFetchingProtocol.swift in Sources */ = {isa = PBXBuildFile; fileRef = 13101EC62A823D520028FCDA /* NetworkFetchingProtocol.swift */; };
		13101ECD2A8394710028FCDA /* RepositoryProtocolMock.swift in Sources */ = {isa = PBXBuildFile; fileRef = 13101ECC2A8394710028FCDA /* RepositoryProtocolMock.swift */; };
		13101ED12A83ABC80028FCDA /* ConfigViewModel.swift in Sources */ = {isa = PBXBuildFile; fileRef = 13101ED02A83ABC80028FCDA /* ConfigViewModel.swift */; };
		13101ED32A842B2E0028FCDA /* FooterConfigView.swift in Sources */ = {isa = PBXBuildFile; fileRef = 13101ED22A842B2E0028FCDA /* FooterConfigView.swift */; };
		13101ED52A84E2700028FCDA /* Character.swift in Sources */ = {isa = PBXBuildFile; fileRef = 13216C662A7C0D6000920634 /* Character.swift */; };
		13101F172A8506520028FCDA /* PlanetViewModel.swift in Sources */ = {isa = PBXBuildFile; fileRef = 13101F162A8506520028FCDA /* PlanetViewModel.swift */; };
		13101F222A8527F90028FCDA /* PlanetView.swift in Sources */ = {isa = PBXBuildFile; fileRef = 13101F212A8527F90028FCDA /* PlanetView.swift */; };
		13101F262A8530D70028FCDA /* LoginViewModelTests.swift in Sources */ = {isa = PBXBuildFile; fileRef = 13101F252A8530D70028FCDA /* LoginViewModelTests.swift */; };
		13101F332A8567990028FCDA /* HomeViewModelTests.swift in Sources */ = {isa = PBXBuildFile; fileRef = 13101F322A8567990028FCDA /* HomeViewModelTests.swift */; };
		13101F352A8568200028FCDA /* CharacterPoviderMock.swift in Sources */ = {isa = PBXBuildFile; fileRef = 13101F342A8568200028FCDA /* CharacterPoviderMock.swift */; };
		13216BB92A79950C00920634 /* RickMortyAppLPApp.swift in Sources */ = {isa = PBXBuildFile; fileRef = 13216BB82A79950C00920634 /* RickMortyAppLPApp.swift */; };
		13216BBB2A79950C00920634 /* ContentView.swift in Sources */ = {isa = PBXBuildFile; fileRef = 13216BBA2A79950C00920634 /* ContentView.swift */; };
		13216BBD2A79950D00920634 /* Assets.xcassets in Resources */ = {isa = PBXBuildFile; fileRef = 13216BBC2A79950D00920634 /* Assets.xcassets */; };
		13216BC02A79950D00920634 /* Preview Assets.xcassets in Resources */ = {isa = PBXBuildFile; fileRef = 13216BBF2A79950D00920634 /* Preview Assets.xcassets */; };
		13216BCA2A79950D00920634 /* RickMortyAppLPTests.swift in Sources */ = {isa = PBXBuildFile; fileRef = 13216BC92A79950D00920634 /* RickMortyAppLPTests.swift */; };
		13216BD42A79950D00920634 /* RickMortyAppLPUITests.swift in Sources */ = {isa = PBXBuildFile; fileRef = 13216BD32A79950D00920634 /* RickMortyAppLPUITests.swift */; };
		13216BD62A79950D00920634 /* RickMortyAppLPUITestsLaunchTests.swift in Sources */ = {isa = PBXBuildFile; fileRef = 13216BD52A79950D00920634 /* RickMortyAppLPUITestsLaunchTests.swift */; };
		13216BF32A79979000920634 /* LoginView.swift in Sources */ = {isa = PBXBuildFile; fileRef = 13216BF22A79979000920634 /* LoginView.swift */; };
		13216BF52A79B0F800920634 /* CharactersNetworkResponse.swift in Sources */ = {isa = PBXBuildFile; fileRef = 13216BF42A79B0F700920634 /* CharactersNetworkResponse.swift */; };
		13216BF72A79B22000920634 /* HomeView.swift in Sources */ = {isa = PBXBuildFile; fileRef = 13216BF62A79B22000920634 /* HomeView.swift */; };
		13216BF92A79B23100920634 /* HomeViewModel.swift in Sources */ = {isa = PBXBuildFile; fileRef = 13216BF82A79B23100920634 /* HomeViewModel.swift */; };
		13216C3B2A7AB1C800920634 /* RemoteDataSourceProtocol.swift in Sources */ = {isa = PBXBuildFile; fileRef = 13216C3A2A7AB1C800920634 /* RemoteDataSourceProtocol.swift */; };
		13216C3F2A7AB68E00920634 /* RemoteDataSourceImp.swift in Sources */ = {isa = PBXBuildFile; fileRef = 13216C3E2A7AB68E00920634 /* RemoteDataSourceImp.swift */; };
		13216C632A7C087B00920634 /* CharacterRow.swift in Sources */ = {isa = PBXBuildFile; fileRef = 13216C622A7C087B00920634 /* CharacterRow.swift */; };
		13216C672A7C0D6000920634 /* Character.swift in Sources */ = {isa = PBXBuildFile; fileRef = 13216C662A7C0D6000920634 /* Character.swift */; };
		13216C692A7C119100920634 /* CharactersProvider.swift in Sources */ = {isa = PBXBuildFile; fileRef = 13216C682A7C119100920634 /* CharactersProvider.swift */; };
		1379A7FD2A7FC7A600E1AF97 /* LoginViewModel.swift in Sources */ = {isa = PBXBuildFile; fileRef = 1379A7FC2A7FC7A600E1AF97 /* LoginViewModel.swift */; };
		1379A8042A8003F000E1AF97 /* DetailView.swift in Sources */ = {isa = PBXBuildFile; fileRef = 1379A8032A8003F000E1AF97 /* DetailView.swift */; };
		1379A8062A800FD700E1AF97 /* ConfigView.swift in Sources */ = {isa = PBXBuildFile; fileRef = 1379A8052A800FD700E1AF97 /* ConfigView.swift */; };
		13AD65C92A801F6A0058ECA4 /* RemoteDataSourceImpTests.swift in Sources */ = {isa = PBXBuildFile; fileRef = 13AD65C82A801F6A0058ECA4 /* RemoteDataSourceImpTests.swift */; };
/* End PBXBuildFile section */

/* Begin PBXContainerItemProxy section */
		13216BC62A79950D00920634 /* PBXContainerItemProxy */ = {
			isa = PBXContainerItemProxy;
			containerPortal = 13216BAD2A79950C00920634 /* Project object */;
			proxyType = 1;
			remoteGlobalIDString = 13216BB42A79950C00920634;
			remoteInfo = RickMortyAppLP;
		};
		13216BD02A79950D00920634 /* PBXContainerItemProxy */ = {
			isa = PBXContainerItemProxy;
			containerPortal = 13216BAD2A79950C00920634 /* Project object */;
			proxyType = 1;
			remoteGlobalIDString = 13216BB42A79950C00920634;
			remoteInfo = RickMortyAppLP;
		};
/* End PBXContainerItemProxy section */

/* Begin PBXFileReference section */
		13101EB92A8226ED0028FCDA /* CharacterProviderProtocol.swift */ = {isa = PBXFileReference; lastKnownFileType = sourcecode.swift; path = CharacterProviderProtocol.swift; sourceTree = "<group>"; };
		13101EBB2A822EA90028FCDA /* RickMortyAppLP.xctestplan */ = {isa = PBXFileReference; lastKnownFileType = text; path = RickMortyAppLP.xctestplan; sourceTree = "<group>"; };
		13101EBC2A82301A0028FCDA /* ResetPassView.swift */ = {isa = PBXFileReference; lastKnownFileType = sourcecode.swift; path = ResetPassView.swift; sourceTree = "<group>"; };
		13101EBE2A823C010028FCDA /* URLSessionExtension.swift */ = {isa = PBXFileReference; lastKnownFileType = sourcecode.swift; path = URLSessionExtension.swift; sourceTree = "<group>"; };
		13101EC22A823CE20028FCDA /* NetworkFetchingMock.swift */ = {isa = PBXFileReference; lastKnownFileType = sourcecode.swift; path = NetworkFetchingMock.swift; sourceTree = "<group>"; };
		13101EC42A823D0F0028FCDA /* URLProtocolMock.swift */ = {isa = PBXFileReference; lastKnownFileType = sourcecode.swift; path = URLProtocolMock.swift; sourceTree = "<group>"; };
		13101EC62A823D520028FCDA /* NetworkFetchingProtocol.swift */ = {isa = PBXFileReference; lastKnownFileType = sourcecode.swift; path = NetworkFetchingProtocol.swift; sourceTree = "<group>"; };
		13101ECC2A8394710028FCDA /* RepositoryProtocolMock.swift */ = {isa = PBXFileReference; lastKnownFileType = sourcecode.swift; path = RepositoryProtocolMock.swift; sourceTree = "<group>"; };
		13101ED02A83ABC80028FCDA /* ConfigViewModel.swift */ = {isa = PBXFileReference; lastKnownFileType = sourcecode.swift; path = ConfigViewModel.swift; sourceTree = "<group>"; };
		13101ED22A842B2E0028FCDA /* FooterConfigView.swift */ = {isa = PBXFileReference; lastKnownFileType = sourcecode.swift; path = FooterConfigView.swift; sourceTree = "<group>"; };
		13101F162A8506520028FCDA /* PlanetViewModel.swift */ = {isa = PBXFileReference; lastKnownFileType = sourcecode.swift; path = PlanetViewModel.swift; sourceTree = "<group>"; };
		13101F212A8527F90028FCDA /* PlanetView.swift */ = {isa = PBXFileReference; lastKnownFileType = sourcecode.swift; path = PlanetView.swift; sourceTree = "<group>"; };
		13101F252A8530D70028FCDA /* LoginViewModelTests.swift */ = {isa = PBXFileReference; lastKnownFileType = sourcecode.swift; path = LoginViewModelTests.swift; sourceTree = "<group>"; };
		13101F322A8567990028FCDA /* HomeViewModelTests.swift */ = {isa = PBXFileReference; lastKnownFileType = sourcecode.swift; path = HomeViewModelTests.swift; sourceTree = "<group>"; };
		13101F342A8568200028FCDA /* CharacterPoviderMock.swift */ = {isa = PBXFileReference; lastKnownFileType = sourcecode.swift; path = CharacterPoviderMock.swift; sourceTree = "<group>"; };
		13216BB52A79950C00920634 /* RickMortyAppLP.app */ = {isa = PBXFileReference; explicitFileType = wrapper.application; includeInIndex = 0; path = RickMortyAppLP.app; sourceTree = BUILT_PRODUCTS_DIR; };
		13216BB82A79950C00920634 /* RickMortyAppLPApp.swift */ = {isa = PBXFileReference; lastKnownFileType = sourcecode.swift; path = RickMortyAppLPApp.swift; sourceTree = "<group>"; };
		13216BBA2A79950C00920634 /* ContentView.swift */ = {isa = PBXFileReference; lastKnownFileType = sourcecode.swift; path = ContentView.swift; sourceTree = "<group>"; };
		13216BBC2A79950D00920634 /* Assets.xcassets */ = {isa = PBXFileReference; lastKnownFileType = folder.assetcatalog; path = Assets.xcassets; sourceTree = "<group>"; };
		13216BBF2A79950D00920634 /* Preview Assets.xcassets */ = {isa = PBXFileReference; lastKnownFileType = folder.assetcatalog; path = "Preview Assets.xcassets"; sourceTree = "<group>"; };
		13216BC52A79950D00920634 /* RickMortyAppLPTests.xctest */ = {isa = PBXFileReference; explicitFileType = wrapper.cfbundle; includeInIndex = 0; path = RickMortyAppLPTests.xctest; sourceTree = BUILT_PRODUCTS_DIR; };
		13216BC92A79950D00920634 /* RickMortyAppLPTests.swift */ = {isa = PBXFileReference; lastKnownFileType = sourcecode.swift; path = RickMortyAppLPTests.swift; sourceTree = "<group>"; };
		13216BCF2A79950D00920634 /* RickMortyAppLPUITests.xctest */ = {isa = PBXFileReference; explicitFileType = wrapper.cfbundle; includeInIndex = 0; path = RickMortyAppLPUITests.xctest; sourceTree = BUILT_PRODUCTS_DIR; };
		13216BD32A79950D00920634 /* RickMortyAppLPUITests.swift */ = {isa = PBXFileReference; lastKnownFileType = sourcecode.swift; path = RickMortyAppLPUITests.swift; sourceTree = "<group>"; };
		13216BD52A79950D00920634 /* RickMortyAppLPUITestsLaunchTests.swift */ = {isa = PBXFileReference; lastKnownFileType = sourcecode.swift; path = RickMortyAppLPUITestsLaunchTests.swift; sourceTree = "<group>"; };
		13216BF22A79979000920634 /* LoginView.swift */ = {isa = PBXFileReference; lastKnownFileType = sourcecode.swift; path = LoginView.swift; sourceTree = "<group>"; };
		13216BF42A79B0F700920634 /* CharactersNetworkResponse.swift */ = {isa = PBXFileReference; lastKnownFileType = sourcecode.swift; path = CharactersNetworkResponse.swift; sourceTree = "<group>"; };
		13216BF62A79B22000920634 /* HomeView.swift */ = {isa = PBXFileReference; lastKnownFileType = sourcecode.swift; path = HomeView.swift; sourceTree = "<group>"; };
		13216BF82A79B23100920634 /* HomeViewModel.swift */ = {isa = PBXFileReference; lastKnownFileType = sourcecode.swift; path = HomeViewModel.swift; sourceTree = "<group>"; };
		13216C3A2A7AB1C800920634 /* RemoteDataSourceProtocol.swift */ = {isa = PBXFileReference; lastKnownFileType = sourcecode.swift; path = RemoteDataSourceProtocol.swift; sourceTree = "<group>"; };
		13216C3E2A7AB68E00920634 /* RemoteDataSourceImp.swift */ = {isa = PBXFileReference; lastKnownFileType = sourcecode.swift; path = RemoteDataSourceImp.swift; sourceTree = "<group>"; };
		13216C622A7C087B00920634 /* CharacterRow.swift */ = {isa = PBXFileReference; lastKnownFileType = sourcecode.swift; path = CharacterRow.swift; sourceTree = "<group>"; };
		13216C662A7C0D6000920634 /* Character.swift */ = {isa = PBXFileReference; lastKnownFileType = sourcecode.swift; path = Character.swift; sourceTree = "<group>"; };
		13216C682A7C119100920634 /* CharactersProvider.swift */ = {isa = PBXFileReference; lastKnownFileType = sourcecode.swift; path = CharactersProvider.swift; sourceTree = "<group>"; };
		1379A7FC2A7FC7A600E1AF97 /* LoginViewModel.swift */ = {isa = PBXFileReference; lastKnownFileType = sourcecode.swift; path = LoginViewModel.swift; sourceTree = "<group>"; };
		1379A8032A8003F000E1AF97 /* DetailView.swift */ = {isa = PBXFileReference; lastKnownFileType = sourcecode.swift; path = DetailView.swift; sourceTree = "<group>"; };
		1379A8052A800FD700E1AF97 /* ConfigView.swift */ = {isa = PBXFileReference; lastKnownFileType = sourcecode.swift; path = ConfigView.swift; sourceTree = "<group>"; };
		13AD65C82A801F6A0058ECA4 /* RemoteDataSourceImpTests.swift */ = {isa = PBXFileReference; lastKnownFileType = sourcecode.swift; path = RemoteDataSourceImpTests.swift; sourceTree = "<group>"; };
/* End PBXFileReference section */

/* Begin PBXFrameworksBuildPhase section */
		13216BB22A79950C00920634 /* Frameworks */ = {
			isa = PBXFrameworksBuildPhase;
			buildActionMask = 2147483647;
			files = (
			);
			runOnlyForDeploymentPostprocessing = 0;
		};
		13216BC22A79950D00920634 /* Frameworks */ = {
			isa = PBXFrameworksBuildPhase;
			buildActionMask = 2147483647;
			files = (
			);
			runOnlyForDeploymentPostprocessing = 0;
		};
		13216BCC2A79950D00920634 /* Frameworks */ = {
			isa = PBXFrameworksBuildPhase;
			buildActionMask = 2147483647;
			files = (
			);
			runOnlyForDeploymentPostprocessing = 0;
		};
/* End PBXFrameworksBuildPhase section */

/* Begin PBXGroup section */
		13101EB52A8217D20028FCDA /* Suts */ = {
			isa = PBXGroup;
			children = (
				13101F2D2A8540E50028FCDA /* Remote */,
				13101F292A8540830028FCDA /* Components */,
				13101ED42A84DADB0028FCDA /* App */,
			);
			path = Suts;
			sourceTree = "<group>";
		};
		13101EB62A8217FE0028FCDA /* TestUtils */ = {
			isa = PBXGroup;
			children = (
				13101EC12A823CC40028FCDA /* Mocks */,
			);
			path = TestUtils;
			sourceTree = "<group>";
		};
		13101EC02A823C110028FCDA /* Extension */ = {
			isa = PBXGroup;
			children = (
				13101EBE2A823C010028FCDA /* URLSessionExtension.swift */,
			);
			path = Extension;
			sourceTree = "<group>";
		};
		13101EC12A823CC40028FCDA /* Mocks */ = {
			isa = PBXGroup;
			children = (
				13101EC42A823D0F0028FCDA /* URLProtocolMock.swift */,
				13101EC22A823CE20028FCDA /* NetworkFetchingMock.swift */,
				13101ECC2A8394710028FCDA /* RepositoryProtocolMock.swift */,
				13101F342A8568200028FCDA /* CharacterPoviderMock.swift */,
			);
			path = Mocks;
			sourceTree = "<group>";
		};
		13101ED42A84DADB0028FCDA /* App */ = {
			isa = PBXGroup;
			children = (
				13216BC92A79950D00920634 /* RickMortyAppLPTests.swift */,
			);
			path = App;
			sourceTree = "<group>";
		};
		13101F142A85063C0028FCDA /* PlanetView */ = {
			isa = PBXGroup;
			children = (
				13101F162A8506520028FCDA /* PlanetViewModel.swift */,
				13101F212A8527F90028FCDA /* PlanetView.swift */,
			);
			path = PlanetView;
			sourceTree = "<group>";
		};
		13101F1C2A850B2A0028FCDA /* Local */ = {
			isa = PBXGroup;
			children = (
				13216C682A7C119100920634 /* CharactersProvider.swift */,
			);
			path = Local;
			sourceTree = "<group>";
		};
		13101F1D2A850B400028FCDA /* Model */ = {
			isa = PBXGroup;
			children = (
				13216BF42A79B0F700920634 /* CharactersNetworkResponse.swift */,
			);
			path = Model;
			sourceTree = "<group>";
		};
		13101F292A8540830028FCDA /* Components */ = {
			isa = PBXGroup;
			children = (
				13AD65C82A801F6A0058ECA4 /* RemoteDataSourceImpTests.swift */,
				13101F2A2A8540A00028FCDA /* Views */,
			);
			path = Components;
			sourceTree = "<group>";
		};
		13101F2A2A8540A00028FCDA /* Views */ = {
			isa = PBXGroup;
			children = (
				13101F2F2A8566C00028FCDA /* HomeViewModel */,
				13101F2B2A8540B90028FCDA /* LoginView */,
			);
			path = Views;
			sourceTree = "<group>";
		};
		13101F2B2A8540B90028FCDA /* LoginView */ = {
			isa = PBXGroup;
			children = (
				13101F252A8530D70028FCDA /* LoginViewModelTests.swift */,
			);
			path = LoginView;
			sourceTree = "<group>";
		};
		13101F2D2A8540E50028FCDA /* Remote */ = {
			isa = PBXGroup;
			children = (
				13101F2E2A8540E90028FCDA /* DataSource */,
			);
			path = Remote;
			sourceTree = "<group>";
		};
		13101F2E2A8540E90028FCDA /* DataSource */ = {
			isa = PBXGroup;
			children = (
			);
			path = DataSource;
			sourceTree = "<group>";
		};
		13101F2F2A8566C00028FCDA /* HomeViewModel */ = {
			isa = PBXGroup;
			children = (
				13101F322A8567990028FCDA /* HomeViewModelTests.swift */,
			);
			path = HomeViewModel;
			sourceTree = "<group>";
		};
		13216BAC2A79950C00920634 = {
			isa = PBXGroup;
			children = (
				13101EBB2A822EA90028FCDA /* RickMortyAppLP.xctestplan */,
				13216BB72A79950C00920634 /* RickMortyAppLP */,
				13216BC82A79950D00920634 /* RickMortyAppLPTests */,
				13216BD22A79950D00920634 /* RickMortyAppLPUITests */,
				13216BB62A79950C00920634 /* Products */,
			);
			sourceTree = "<group>";
		};
		13216BB62A79950C00920634 /* Products */ = {
			isa = PBXGroup;
			children = (
				13216BB52A79950C00920634 /* RickMortyAppLP.app */,
				13216BC52A79950D00920634 /* RickMortyAppLPTests.xctest */,
				13216BCF2A79950D00920634 /* RickMortyAppLPUITests.xctest */,
			);
			name = Products;
			sourceTree = "<group>";
		};
		13216BB72A79950C00920634 /* RickMortyAppLP */ = {
			isa = PBXGroup;
			children = (
				13216BE52A79969B00920634 /* Data */,
				13216BE42A79969600920634 /* Domain */,
				13216BE32A79968E00920634 /* Presentation */,
				13216BE22A79967F00920634 /* App */,
				13216BBA2A79950C00920634 /* ContentView.swift */,
			);
			path = RickMortyAppLP;
			sourceTree = "<group>";
		};
		13216BBE2A79950D00920634 /* Preview Content */ = {
			isa = PBXGroup;
			children = (
				13216BBF2A79950D00920634 /* Preview Assets.xcassets */,
			);
			path = "Preview Content";
			sourceTree = "<group>";
		};
		13216BC82A79950D00920634 /* RickMortyAppLPTests */ = {
			isa = PBXGroup;
			children = (
				13101EB62A8217FE0028FCDA /* TestUtils */,
				13101EB52A8217D20028FCDA /* Suts */,
			);
			path = RickMortyAppLPTests;
			sourceTree = "<group>";
		};
		13216BD22A79950D00920634 /* RickMortyAppLPUITests */ = {
			isa = PBXGroup;
			children = (
				13216BD32A79950D00920634 /* RickMortyAppLPUITests.swift */,
				13216BD52A79950D00920634 /* RickMortyAppLPUITestsLaunchTests.swift */,
			);
			path = RickMortyAppLPUITests;
			sourceTree = "<group>";
		};
		13216BE22A79967F00920634 /* App */ = {
			isa = PBXGroup;
			children = (
				13216BB82A79950C00920634 /* RickMortyAppLPApp.swift */,
				13216BE72A7996AA00920634 /* Resources */,
			);
			path = App;
			sourceTree = "<group>";
		};
		13216BE32A79968E00920634 /* Presentation */ = {
			isa = PBXGroup;
			children = (
				13216BED2A7996D400920634 /* Settings */,
				13216BEB2A7996C900920634 /* Resources */,
				13216C612A7C085A00920634 /* Components */,
			);
			path = Presentation;
			sourceTree = "<group>";
		};
		13216BE42A79969600920634 /* Domain */ = {
			isa = PBXGroup;
			children = (
				13216BEF2A7996DF00920634 /* Models */,
				13216BEE2A7996D900920634 /* Protocols */,
			);
			path = Domain;
			sourceTree = "<group>";
		};
		13216BE52A79969B00920634 /* Data */ = {
			isa = PBXGroup;
			children = (
				13101EC02A823C110028FCDA /* Extension */,
				13216BF12A7996EC00920634 /* Utils */,
				13216BF02A7996E900920634 /* Remote */,
				13101F1C2A850B2A0028FCDA /* Local */,
			);
			path = Data;
			sourceTree = "<group>";
		};
		13216BE72A7996AA00920634 /* Resources */ = {
			isa = PBXGroup;
			children = (
				13216BBC2A79950D00920634 /* Assets.xcassets */,
			);
			path = Resources;
			sourceTree = "<group>";
		};
		13216BE92A7996C000920634 /* Login */ = {
			isa = PBXGroup;
			children = (
				13216BF22A79979000920634 /* LoginView.swift */,
				1379A7FC2A7FC7A600E1AF97 /* LoginViewModel.swift */,
			);
			path = Login;
			sourceTree = "<group>";
		};
		13216BEA2A7996C500920634 /* Home */ = {
			isa = PBXGroup;
			children = (
				13216BF62A79B22000920634 /* HomeView.swift */,
				13216BF82A79B23100920634 /* HomeViewModel.swift */,
			);
			path = Home;
			sourceTree = "<group>";
		};
		13216BEB2A7996C900920634 /* Resources */ = {
			isa = PBXGroup;
			children = (
				13216BBE2A79950D00920634 /* Preview Content */,
			);
			path = Resources;
			sourceTree = "<group>";
		};
		13216BEC2A7996D000920634 /* ConfigView */ = {
			isa = PBXGroup;
			children = (
				1379A8052A800FD700E1AF97 /* ConfigView.swift */,
				13101ED02A83ABC80028FCDA /* ConfigViewModel.swift */,
			);
			path = ConfigView;
			sourceTree = "<group>";
		};
		13216BED2A7996D400920634 /* Settings */ = {
			isa = PBXGroup;
			children = (
			);
			path = Settings;
			sourceTree = "<group>";
		};
		13216BEE2A7996D900920634 /* Protocols */ = {
			isa = PBXGroup;
			children = (
				13216C3A2A7AB1C800920634 /* RemoteDataSourceProtocol.swift */,
				13101EB92A8226ED0028FCDA /* CharacterProviderProtocol.swift */,
				13101EC62A823D520028FCDA /* NetworkFetchingProtocol.swift */,
			);
			path = Protocols;
			sourceTree = "<group>";
		};
		13216BEF2A7996DF00920634 /* Models */ = {
			isa = PBXGroup;
			children = (
				13216C662A7C0D6000920634 /* Character.swift */,
			);
			path = Models;
			sourceTree = "<group>";
		};
		13216BF02A7996E900920634 /* Remote */ = {
			isa = PBXGroup;
			children = (
				13216C652A7C0D1100920634 /* DataSource */,
			);
			path = Remote;
			sourceTree = "<group>";
		};
		13216BF12A7996EC00920634 /* Utils */ = {
			isa = PBXGroup;
			children = (
			);
			path = Utils;
			sourceTree = "<group>";
		};
		13216C612A7C085A00920634 /* Components */ = {
			isa = PBXGroup;
			children = (
				1379A8022A8003C500E1AF97 /* Views */,
			);
			path = Components;
			sourceTree = "<group>";
		};
		13216C652A7C0D1100920634 /* DataSource */ = {
			isa = PBXGroup;
			children = (
				13101F1D2A850B400028FCDA /* Model */,
				13216C3E2A7AB68E00920634 /* RemoteDataSourceImp.swift */,
			);
			path = DataSource;
			sourceTree = "<group>";
		};
		1379A8022A8003C500E1AF97 /* Views */ = {
			isa = PBXGroup;
			children = (
				13216C622A7C087B00920634 /* CharacterRow.swift */,
				1379A8032A8003F000E1AF97 /* DetailView.swift */,
				13101ED22A842B2E0028FCDA /* FooterConfigView.swift */,
				13101EBC2A82301A0028FCDA /* ResetPassView.swift */,
				13216BE92A7996C000920634 /* Login */,
				13216BEA2A7996C500920634 /* Home */,
				13216BEC2A7996D000920634 /* ConfigView */,
				13101F142A85063C0028FCDA /* PlanetView */,
			);
			path = Views;
			sourceTree = "<group>";
		};
/* End PBXGroup section */

/* Begin PBXNativeTarget section */
		13216BB42A79950C00920634 /* RickMortyAppLP */ = {
			isa = PBXNativeTarget;
			buildConfigurationList = 13216BD92A79950D00920634 /* Build configuration list for PBXNativeTarget "RickMortyAppLP" */;
			buildPhases = (
				13216BB12A79950C00920634 /* Sources */,
				13216BB22A79950C00920634 /* Frameworks */,
				13216BB32A79950C00920634 /* Resources */,
			);
			buildRules = (
			);
			dependencies = (
			);
			name = RickMortyAppLP;
			productName = RickMortyAppLP;
			productReference = 13216BB52A79950C00920634 /* RickMortyAppLP.app */;
			productType = "com.apple.product-type.application";
		};
		13216BC42A79950D00920634 /* RickMortyAppLPTests */ = {
			isa = PBXNativeTarget;
			buildConfigurationList = 13216BDC2A79950D00920634 /* Build configuration list for PBXNativeTarget "RickMortyAppLPTests" */;
			buildPhases = (
				13216BC12A79950D00920634 /* Sources */,
				13216BC22A79950D00920634 /* Frameworks */,
				13216BC32A79950D00920634 /* Resources */,
			);
			buildRules = (
			);
			dependencies = (
				13216BC72A79950D00920634 /* PBXTargetDependency */,
			);
			name = RickMortyAppLPTests;
			productName = RickMortyAppLPTests;
			productReference = 13216BC52A79950D00920634 /* RickMortyAppLPTests.xctest */;
			productType = "com.apple.product-type.bundle.unit-test";
		};
		13216BCE2A79950D00920634 /* RickMortyAppLPUITests */ = {
			isa = PBXNativeTarget;
			buildConfigurationList = 13216BDF2A79950D00920634 /* Build configuration list for PBXNativeTarget "RickMortyAppLPUITests" */;
			buildPhases = (
				13216BCB2A79950D00920634 /* Sources */,
				13216BCC2A79950D00920634 /* Frameworks */,
				13216BCD2A79950D00920634 /* Resources */,
			);
			buildRules = (
			);
			dependencies = (
				13216BD12A79950D00920634 /* PBXTargetDependency */,
			);
			name = RickMortyAppLPUITests;
			productName = RickMortyAppLPUITests;
			productReference = 13216BCF2A79950D00920634 /* RickMortyAppLPUITests.xctest */;
			productType = "com.apple.product-type.bundle.ui-testing";
		};
/* End PBXNativeTarget section */

/* Begin PBXProject section */
		13216BAD2A79950C00920634 /* Project object */ = {
			isa = PBXProject;
			attributes = {
				BuildIndependentTargetsInParallel = 1;
				LastSwiftUpdateCheck = 1430;
				LastUpgradeCheck = 1430;
				TargetAttributes = {
					13216BB42A79950C00920634 = {
						CreatedOnToolsVersion = 14.3.1;
					};
					13216BC42A79950D00920634 = {
						CreatedOnToolsVersion = 14.3.1;
						TestTargetID = 13216BB42A79950C00920634;
					};
					13216BCE2A79950D00920634 = {
						CreatedOnToolsVersion = 14.3.1;
						TestTargetID = 13216BB42A79950C00920634;
					};
				};
			};
			buildConfigurationList = 13216BB02A79950C00920634 /* Build configuration list for PBXProject "RickMortyAppLP" */;
			compatibilityVersion = "Xcode 14.0";
			developmentRegion = en;
			hasScannedForEncodings = 0;
			knownRegions = (
				en,
				Base,
			);
			mainGroup = 13216BAC2A79950C00920634;
			productRefGroup = 13216BB62A79950C00920634 /* Products */;
			projectDirPath = "";
			projectRoot = "";
			targets = (
				13216BB42A79950C00920634 /* RickMortyAppLP */,
				13216BC42A79950D00920634 /* RickMortyAppLPTests */,
				13216BCE2A79950D00920634 /* RickMortyAppLPUITests */,
			);
		};
/* End PBXProject section */

/* Begin PBXResourcesBuildPhase section */
		13216BB32A79950C00920634 /* Resources */ = {
			isa = PBXResourcesBuildPhase;
			buildActionMask = 2147483647;
			files = (
				13216BC02A79950D00920634 /* Preview Assets.xcassets in Resources */,
				13216BBD2A79950D00920634 /* Assets.xcassets in Resources */,
			);
			runOnlyForDeploymentPostprocessing = 0;
		};
		13216BC32A79950D00920634 /* Resources */ = {
			isa = PBXResourcesBuildPhase;
			buildActionMask = 2147483647;
			files = (
			);
			runOnlyForDeploymentPostprocessing = 0;
		};
		13216BCD2A79950D00920634 /* Resources */ = {
			isa = PBXResourcesBuildPhase;
			buildActionMask = 2147483647;
			files = (
			);
			runOnlyForDeploymentPostprocessing = 0;
		};
/* End PBXResourcesBuildPhase section */

/* Begin PBXSourcesBuildPhase section */
		13216BB12A79950C00920634 /* Sources */ = {
			isa = PBXSourcesBuildPhase;
			buildActionMask = 2147483647;
			files = (
				13216C692A7C119100920634 /* CharactersProvider.swift in Sources */,
				13216BF32A79979000920634 /* LoginView.swift in Sources */,
				13216C632A7C087B00920634 /* CharacterRow.swift in Sources */,
				13216BF92A79B23100920634 /* HomeViewModel.swift in Sources */,
				13101F222A8527F90028FCDA /* PlanetView.swift in Sources */,
				13216C3F2A7AB68E00920634 /* RemoteDataSourceImp.swift in Sources */,
				13216BBB2A79950C00920634 /* ContentView.swift in Sources */,
				13101EBA2A8226ED0028FCDA /* CharacterProviderProtocol.swift in Sources */,
				1379A8062A800FD700E1AF97 /* ConfigView.swift in Sources */,
				13216BB92A79950C00920634 /* RickMortyAppLPApp.swift in Sources */,
				13216BF72A79B22000920634 /* HomeView.swift in Sources */,
				1379A7FD2A7FC7A600E1AF97 /* LoginViewModel.swift in Sources */,
				13101EC72A823D520028FCDA /* NetworkFetchingProtocol.swift in Sources */,
				13101ED32A842B2E0028FCDA /* FooterConfigView.swift in Sources */,
				13101F172A8506520028FCDA /* PlanetViewModel.swift in Sources */,
				13101ED12A83ABC80028FCDA /* ConfigViewModel.swift in Sources */,
				13101EBD2A82301A0028FCDA /* ResetPassView.swift in Sources */,
				13101EBF2A823C010028FCDA /* URLSessionExtension.swift in Sources */,
				13216BF52A79B0F800920634 /* CharactersNetworkResponse.swift in Sources */,
				13216C3B2A7AB1C800920634 /* RemoteDataSourceProtocol.swift in Sources */,
				1379A8042A8003F000E1AF97 /* DetailView.swift in Sources */,
				13216C672A7C0D6000920634 /* Character.swift in Sources */,
			);
			runOnlyForDeploymentPostprocessing = 0;
		};
		13216BC12A79950D00920634 /* Sources */ = {
			isa = PBXSourcesBuildPhase;
			buildActionMask = 2147483647;
			files = (
				13101EC52A823D0F0028FCDA /* URLProtocolMock.swift in Sources */,
				13101EC32A823CE20028FCDA /* NetworkFetchingMock.swift in Sources */,
				13101ED52A84E2700028FCDA /* Character.swift in Sources */,
				13101F332A8567990028FCDA /* HomeViewModelTests.swift in Sources */,
				13216BCA2A79950D00920634 /* RickMortyAppLPTests.swift in Sources */,
				13101F262A8530D70028FCDA /* LoginViewModelTests.swift in Sources */,
				13101ECD2A8394710028FCDA /* RepositoryProtocolMock.swift in Sources */,
				13101F352A8568200028FCDA /* CharacterPoviderMock.swift in Sources */,
				13AD65C92A801F6A0058ECA4 /* RemoteDataSourceImpTests.swift in Sources */,
			);
			runOnlyForDeploymentPostprocessing = 0;
		};
		13216BCB2A79950D00920634 /* Sources */ = {
			isa = PBXSourcesBuildPhase;
			buildActionMask = 2147483647;
			files = (
				13216BD42A79950D00920634 /* RickMortyAppLPUITests.swift in Sources */,
				13216BD62A79950D00920634 /* RickMortyAppLPUITestsLaunchTests.swift in Sources */,
			);
			runOnlyForDeploymentPostprocessing = 0;
		};
/* End PBXSourcesBuildPhase section */

/* Begin PBXTargetDependency section */
		13216BC72A79950D00920634 /* PBXTargetDependency */ = {
			isa = PBXTargetDependency;
			target = 13216BB42A79950C00920634 /* RickMortyAppLP */;
			targetProxy = 13216BC62A79950D00920634 /* PBXContainerItemProxy */;
		};
		13216BD12A79950D00920634 /* PBXTargetDependency */ = {
			isa = PBXTargetDependency;
			target = 13216BB42A79950C00920634 /* RickMortyAppLP */;
			targetProxy = 13216BD02A79950D00920634 /* PBXContainerItemProxy */;
		};
/* End PBXTargetDependency section */

/* Begin XCBuildConfiguration section */
		13216BD72A79950D00920634 /* Debug */ = {
			isa = XCBuildConfiguration;
			buildSettings = {
				ALWAYS_SEARCH_USER_PATHS = NO;
				CLANG_ANALYZER_NONNULL = YES;
				CLANG_ANALYZER_NUMBER_OBJECT_CONVERSION = YES_AGGRESSIVE;
				CLANG_CXX_LANGUAGE_STANDARD = "gnu++20";
				CLANG_ENABLE_MODULES = YES;
				CLANG_ENABLE_OBJC_ARC = YES;
				CLANG_ENABLE_OBJC_WEAK = YES;
				CLANG_WARN_BLOCK_CAPTURE_AUTORELEASING = YES;
				CLANG_WARN_BOOL_CONVERSION = YES;
				CLANG_WARN_COMMA = YES;
				CLANG_WARN_CONSTANT_CONVERSION = YES;
				CLANG_WARN_DEPRECATED_OBJC_IMPLEMENTATIONS = YES;
				CLANG_WARN_DIRECT_OBJC_ISA_USAGE = YES_ERROR;
				CLANG_WARN_DOCUMENTATION_COMMENTS = YES;
				CLANG_WARN_EMPTY_BODY = YES;
				CLANG_WARN_ENUM_CONVERSION = YES;
				CLANG_WARN_INFINITE_RECURSION = YES;
				CLANG_WARN_INT_CONVERSION = YES;
				CLANG_WARN_NON_LITERAL_NULL_CONVERSION = YES;
				CLANG_WARN_OBJC_IMPLICIT_RETAIN_SELF = YES;
				CLANG_WARN_OBJC_LITERAL_CONVERSION = YES;
				CLANG_WARN_OBJC_ROOT_CLASS = YES_ERROR;
				CLANG_WARN_QUOTED_INCLUDE_IN_FRAMEWORK_HEADER = YES;
				CLANG_WARN_RANGE_LOOP_ANALYSIS = YES;
				CLANG_WARN_STRICT_PROTOTYPES = YES;
				CLANG_WARN_SUSPICIOUS_MOVE = YES;
				CLANG_WARN_UNGUARDED_AVAILABILITY = YES_AGGRESSIVE;
				CLANG_WARN_UNREACHABLE_CODE = YES;
				CLANG_WARN__DUPLICATE_METHOD_MATCH = YES;
				COPY_PHASE_STRIP = NO;
				DEBUG_INFORMATION_FORMAT = dwarf;
				ENABLE_STRICT_OBJC_MSGSEND = YES;
				ENABLE_TESTABILITY = YES;
				GCC_C_LANGUAGE_STANDARD = gnu11;
				GCC_DYNAMIC_NO_PIC = NO;
				GCC_NO_COMMON_BLOCKS = YES;
				GCC_OPTIMIZATION_LEVEL = 0;
				GCC_PREPROCESSOR_DEFINITIONS = (
					"DEBUG=1",
					"$(inherited)",
				);
				GCC_WARN_64_TO_32_BIT_CONVERSION = YES;
				GCC_WARN_ABOUT_RETURN_TYPE = YES_ERROR;
				GCC_WARN_UNDECLARED_SELECTOR = YES;
				GCC_WARN_UNINITIALIZED_AUTOS = YES_AGGRESSIVE;
				GCC_WARN_UNUSED_FUNCTION = YES;
				GCC_WARN_UNUSED_VARIABLE = YES;
				IPHONEOS_DEPLOYMENT_TARGET = 16.4;
				MTL_ENABLE_DEBUG_INFO = INCLUDE_SOURCE;
				MTL_FAST_MATH = YES;
				ONLY_ACTIVE_ARCH = YES;
				SDKROOT = iphoneos;
				SWIFT_ACTIVE_COMPILATION_CONDITIONS = DEBUG;
				SWIFT_OPTIMIZATION_LEVEL = "-Onone";
			};
			name = Debug;
		};
		13216BD82A79950D00920634 /* Release */ = {
			isa = XCBuildConfiguration;
			buildSettings = {
				ALWAYS_SEARCH_USER_PATHS = NO;
				CLANG_ANALYZER_NONNULL = YES;
				CLANG_ANALYZER_NUMBER_OBJECT_CONVERSION = YES_AGGRESSIVE;
				CLANG_CXX_LANGUAGE_STANDARD = "gnu++20";
				CLANG_ENABLE_MODULES = YES;
				CLANG_ENABLE_OBJC_ARC = YES;
				CLANG_ENABLE_OBJC_WEAK = YES;
				CLANG_WARN_BLOCK_CAPTURE_AUTORELEASING = YES;
				CLANG_WARN_BOOL_CONVERSION = YES;
				CLANG_WARN_COMMA = YES;
				CLANG_WARN_CONSTANT_CONVERSION = YES;
				CLANG_WARN_DEPRECATED_OBJC_IMPLEMENTATIONS = YES;
				CLANG_WARN_DIRECT_OBJC_ISA_USAGE = YES_ERROR;
				CLANG_WARN_DOCUMENTATION_COMMENTS = YES;
				CLANG_WARN_EMPTY_BODY = YES;
				CLANG_WARN_ENUM_CONVERSION = YES;
				CLANG_WARN_INFINITE_RECURSION = YES;
				CLANG_WARN_INT_CONVERSION = YES;
				CLANG_WARN_NON_LITERAL_NULL_CONVERSION = YES;
				CLANG_WARN_OBJC_IMPLICIT_RETAIN_SELF = YES;
				CLANG_WARN_OBJC_LITERAL_CONVERSION = YES;
				CLANG_WARN_OBJC_ROOT_CLASS = YES_ERROR;
				CLANG_WARN_QUOTED_INCLUDE_IN_FRAMEWORK_HEADER = YES;
				CLANG_WARN_RANGE_LOOP_ANALYSIS = YES;
				CLANG_WARN_STRICT_PROTOTYPES = YES;
				CLANG_WARN_SUSPICIOUS_MOVE = YES;
				CLANG_WARN_UNGUARDED_AVAILABILITY = YES_AGGRESSIVE;
				CLANG_WARN_UNREACHABLE_CODE = YES;
				CLANG_WARN__DUPLICATE_METHOD_MATCH = YES;
				COPY_PHASE_STRIP = NO;
				DEBUG_INFORMATION_FORMAT = "dwarf-with-dsym";
				ENABLE_NS_ASSERTIONS = NO;
				ENABLE_STRICT_OBJC_MSGSEND = YES;
				GCC_C_LANGUAGE_STANDARD = gnu11;
				GCC_NO_COMMON_BLOCKS = YES;
				GCC_WARN_64_TO_32_BIT_CONVERSION = YES;
				GCC_WARN_ABOUT_RETURN_TYPE = YES_ERROR;
				GCC_WARN_UNDECLARED_SELECTOR = YES;
				GCC_WARN_UNINITIALIZED_AUTOS = YES_AGGRESSIVE;
				GCC_WARN_UNUSED_FUNCTION = YES;
				GCC_WARN_UNUSED_VARIABLE = YES;
				IPHONEOS_DEPLOYMENT_TARGET = 16.4;
				MTL_ENABLE_DEBUG_INFO = NO;
				MTL_FAST_MATH = YES;
				SDKROOT = iphoneos;
				SWIFT_COMPILATION_MODE = wholemodule;
				SWIFT_OPTIMIZATION_LEVEL = "-O";
				VALIDATE_PRODUCT = YES;
			};
			name = Release;
		};
		13216BDA2A79950D00920634 /* Debug */ = {
			isa = XCBuildConfiguration;
			buildSettings = {
				ASSETCATALOG_COMPILER_APPICON_NAME = AppIcon;
				ASSETCATALOG_COMPILER_GLOBAL_ACCENT_COLOR_NAME = AccentColor;
				CODE_SIGN_STYLE = Automatic;
				CURRENT_PROJECT_VERSION = 1;
				DEVELOPMENT_ASSET_PATHS = "\"RickMortyAppLP/Presentation/Resources/Preview Content\"";
				DEVELOPMENT_TEAM = DNUUCY5TDZ;
				ENABLE_PREVIEWS = YES;
				GENERATE_INFOPLIST_FILE = YES;
				INFOPLIST_KEY_UIApplicationSceneManifest_Generation = YES;
				INFOPLIST_KEY_UIApplicationSupportsIndirectInputEvents = YES;
				INFOPLIST_KEY_UILaunchScreen_Generation = YES;
				INFOPLIST_KEY_UISupportedInterfaceOrientations_iPad = "UIInterfaceOrientationPortrait UIInterfaceOrientationPortraitUpsideDown UIInterfaceOrientationLandscapeLeft UIInterfaceOrientationLandscapeRight";
				INFOPLIST_KEY_UISupportedInterfaceOrientations_iPhone = "UIInterfaceOrientationPortrait UIInterfaceOrientationLandscapeLeft UIInterfaceOrientationLandscapeRight";
				LD_RUNPATH_SEARCH_PATHS = (
					"$(inherited)",
					"@executable_path/Frameworks",
				);
				MARKETING_VERSION = 1.0;
				PRODUCT_BUNDLE_IDENTIFIER = com.LMPagano.RickMortyAppLP;
				PRODUCT_NAME = "$(TARGET_NAME)";
				SWIFT_EMIT_LOC_STRINGS = YES;
				SWIFT_VERSION = 5.0;
				TARGETED_DEVICE_FAMILY = "1,2";
			};
			name = Debug;
		};
		13216BDB2A79950D00920634 /* Release */ = {
			isa = XCBuildConfiguration;
			buildSettings = {
				ASSETCATALOG_COMPILER_APPICON_NAME = AppIcon;
				ASSETCATALOG_COMPILER_GLOBAL_ACCENT_COLOR_NAME = AccentColor;
				CODE_SIGN_STYLE = Automatic;
				CURRENT_PROJECT_VERSION = 1;
				DEVELOPMENT_ASSET_PATHS = "\"RickMortyAppLP/Presentation/Resources/Preview Content\"";
				DEVELOPMENT_TEAM = DNUUCY5TDZ;
				ENABLE_PREVIEWS = YES;
				GENERATE_INFOPLIST_FILE = YES;
				INFOPLIST_KEY_UIApplicationSceneManifest_Generation = YES;
				INFOPLIST_KEY_UIApplicationSupportsIndirectInputEvents = YES;
				INFOPLIST_KEY_UILaunchScreen_Generation = YES;
				INFOPLIST_KEY_UISupportedInterfaceOrientations_iPad = "UIInterfaceOrientationPortrait UIInterfaceOrientationPortraitUpsideDown UIInterfaceOrientationLandscapeLeft UIInterfaceOrientationLandscapeRight";
				INFOPLIST_KEY_UISupportedInterfaceOrientations_iPhone = "UIInterfaceOrientationPortrait UIInterfaceOrientationLandscapeLeft UIInterfaceOrientationLandscapeRight";
				LD_RUNPATH_SEARCH_PATHS = (
					"$(inherited)",
					"@executable_path/Frameworks",
				);
				MARKETING_VERSION = 1.0;
				PRODUCT_BUNDLE_IDENTIFIER = com.LMPagano.RickMortyAppLP;
				PRODUCT_NAME = "$(TARGET_NAME)";
				SWIFT_EMIT_LOC_STRINGS = YES;
				SWIFT_VERSION = 5.0;
				TARGETED_DEVICE_FAMILY = "1,2";
			};
			name = Release;
		};
		13216BDD2A79950D00920634 /* Debug */ = {
			isa = XCBuildConfiguration;
			buildSettings = {
				ALWAYS_EMBED_SWIFT_STANDARD_LIBRARIES = YES;
				BUNDLE_LOADER = "$(TEST_HOST)";
				CODE_SIGN_STYLE = Automatic;
				CURRENT_PROJECT_VERSION = 1;
				DEVELOPMENT_TEAM = DNUUCY5TDZ;
				GENERATE_INFOPLIST_FILE = YES;
				IPHONEOS_DEPLOYMENT_TARGET = 16.4;
				MARKETING_VERSION = 1.0;
				PRODUCT_BUNDLE_IDENTIFIER = com.LMPagano.RickMortyAppLPTests;
				PRODUCT_NAME = "$(TARGET_NAME)";
				SWIFT_EMIT_LOC_STRINGS = NO;
				SWIFT_VERSION = 5.0;
				TARGETED_DEVICE_FAMILY = "1,2";
				TEST_HOST = "$(BUILT_PRODUCTS_DIR)/RickMortyAppLP.app/$(BUNDLE_EXECUTABLE_FOLDER_PATH)/RickMortyAppLP";
			};
			name = Debug;
		};
		13216BDE2A79950D00920634 /* Release */ = {
			isa = XCBuildConfiguration;
			buildSettings = {
				ALWAYS_EMBED_SWIFT_STANDARD_LIBRARIES = YES;
				BUNDLE_LOADER = "$(TEST_HOST)";
				CODE_SIGN_STYLE = Automatic;
				CURRENT_PROJECT_VERSION = 1;
				DEVELOPMENT_TEAM = DNUUCY5TDZ;
				GENERATE_INFOPLIST_FILE = YES;
				IPHONEOS_DEPLOYMENT_TARGET = 16.4;
				MARKETING_VERSION = 1.0;
				PRODUCT_BUNDLE_IDENTIFIER = com.LMPagano.RickMortyAppLPTests;
				PRODUCT_NAME = "$(TARGET_NAME)";
				SWIFT_EMIT_LOC_STRINGS = NO;
				SWIFT_VERSION = 5.0;
				TARGETED_DEVICE_FAMILY = "1,2";
				TEST_HOST = "$(BUILT_PRODUCTS_DIR)/RickMortyAppLP.app/$(BUNDLE_EXECUTABLE_FOLDER_PATH)/RickMortyAppLP";
			};
			name = Release;
		};
		13216BE02A79950D00920634 /* Debug */ = {
			isa = XCBuildConfiguration;
			buildSettings = {
				ALWAYS_EMBED_SWIFT_STANDARD_LIBRARIES = YES;
				CODE_SIGN_STYLE = Automatic;
				CURRENT_PROJECT_VERSION = 1;
				DEVELOPMENT_TEAM = DNUUCY5TDZ;
				GENERATE_INFOPLIST_FILE = YES;
				MARKETING_VERSION = 1.0;
				PRODUCT_BUNDLE_IDENTIFIER = com.LMPagano.RickMortyAppLPUITests;
				PRODUCT_NAME = "$(TARGET_NAME)";
				SWIFT_EMIT_LOC_STRINGS = NO;
				SWIFT_VERSION = 5.0;
				TARGETED_DEVICE_FAMILY = "1,2";
				TEST_TARGET_NAME = RickMortyAppLP;
			};
			name = Debug;
		};
		13216BE12A79950D00920634 /* Release */ = {
			isa = XCBuildConfiguration;
			buildSettings = {
				ALWAYS_EMBED_SWIFT_STANDARD_LIBRARIES = YES;
				CODE_SIGN_STYLE = Automatic;
				CURRENT_PROJECT_VERSION = 1;
				DEVELOPMENT_TEAM = DNUUCY5TDZ;
				GENERATE_INFOPLIST_FILE = YES;
				MARKETING_VERSION = 1.0;
				PRODUCT_BUNDLE_IDENTIFIER = com.LMPagano.RickMortyAppLPUITests;
				PRODUCT_NAME = "$(TARGET_NAME)";
				SWIFT_EMIT_LOC_STRINGS = NO;
				SWIFT_VERSION = 5.0;
				TARGETED_DEVICE_FAMILY = "1,2";
				TEST_TARGET_NAME = RickMortyAppLP;
			};
			name = Release;
		};
/* End XCBuildConfiguration section */

/* Begin XCConfigurationList section */
		13216BB02A79950C00920634 /* Build configuration list for PBXProject "RickMortyAppLP" */ = {
			isa = XCConfigurationList;
			buildConfigurations = (
				13216BD72A79950D00920634 /* Debug */,
				13216BD82A79950D00920634 /* Release */,
			);
			defaultConfigurationIsVisible = 0;
			defaultConfigurationName = Release;
		};
		13216BD92A79950D00920634 /* Build configuration list for PBXNativeTarget "RickMortyAppLP" */ = {
			isa = XCConfigurationList;
			buildConfigurations = (
				13216BDA2A79950D00920634 /* Debug */,
				13216BDB2A79950D00920634 /* Release */,
			);
			defaultConfigurationIsVisible = 0;
			defaultConfigurationName = Release;
		};
		13216BDC2A79950D00920634 /* Build configuration list for PBXNativeTarget "RickMortyAppLPTests" */ = {
			isa = XCConfigurationList;
			buildConfigurations = (
				13216BDD2A79950D00920634 /* Debug */,
				13216BDE2A79950D00920634 /* Release */,
			);
			defaultConfigurationIsVisible = 0;
			defaultConfigurationName = Release;
		};
		13216BDF2A79950D00920634 /* Build configuration list for PBXNativeTarget "RickMortyAppLPUITests" */ = {
			isa = XCConfigurationList;
			buildConfigurations = (
				13216BE02A79950D00920634 /* Debug */,
				13216BE12A79950D00920634 /* Release */,
			);
			defaultConfigurationIsVisible = 0;
			defaultConfigurationName = Release;
		};
/* End XCConfigurationList section */
	};
	rootObject = 13216BAD2A79950C00920634 /* Project object */;
}
